{
  "originHash" : "f9bd7513ac98d7f0c69cb44b922a93f32009c0179bb1ab0992e69500920a2faa",
  "pins" : [
    {
      "identity" : "anycodable",
      "kind" : "remoteSourceControl",
      "location" : "https://github.com/Flight-School/AnyCodable",
      "state" : {
        "revision" : "862808b2070cd908cb04f9aafe7de83d35f81b05",
        "version" : "0.6.7"
      }
    },
    {
      "identity" : "stadiamaps-api-swift",
      "kind" : "remoteSourceControl",
      "location" : "https://github.com/stadiamaps/stadiamaps-api-swift",
      "state" : {
        "revision" : "7b43dce05fbbbdf2d148ff4be0f42eb1f8ef4523",
        "version" : "4.1.0"
      }
    }
  ],
  "version" : 3
}
